
Microsoft Visual Studio Solution File, Format Version 12.00
# Visual Studio Version 16
VisualStudioVersion = 16.0.33423.256
MinimumVisualStudioVersion = 10.0.40219.1
Project("{FAE04EC0-301F-11D3-BF4B-00C04F79EFBC}") = "GROUP3 ASSGIMENT1", "P3\GROUP3 ASSGIMENT1.csproj", "{4BAB7802-F811-4CE6-9578-DB9EF0E73B2A}"
EndProject
Global
	GlobalSection(SolutionConfigurationPlatforms) = preSolution
		Debug|Any CPU = Debug|Any CPU
		Release|Any CPU = Release|Any CPU
	EndGlobalSection
	GlobalSection(ProjectConfigurationPlatforms) = postSolution
		{4BAB7802-F811-4CE6-9578-DB9EF0E73B2A}.Debug|Any CPU.ActiveCfg = Debug|Any CPU
		{4BAB7802-F811-4CE6-9578-DB9EF0E73B2A}.Debug|Any CPU.Build.0 = Debug|Any CPU
		{4BAB7802-F811-4CE6-9578-DB9EF0E73B2A}.Release|Any CPU.ActiveCfg = Release|Any CPU
		{4BAB7802-F811-4CE6-9578-DB9EF0E73B2A}.Release|Any CPU.Build.0 = Release|Any CPU
	EndGlobalSection
	GlobalSection(SolutionProperties) = preSolution
		HideSolutionNode = FALSE
	EndGlobalSection
	GlobalSection(ExtensibilityGlobals) = postSolution
		SolutionGuid = {CC332484-0204-4C16-935B-7A117C6AF8F6}
	EndGlobalSection
EndGlobal
